
Microsoft Visual Studio Solution File, Format Version 12.00
# Visual Studio 15
VisualStudioVersion = 15.0.28307.1145
MinimumVisualStudioVersion = 10.0.40219.1
Project("{8BC9CEB8-8B4A-11D0-8D11-00A0C91BC942}") = "Lab_1_PPVIS_Sem1", "Lab_1_PPVIS_Sem1\Lab_1_PPVIS_Sem1.vcxproj", "{A316A437-198D-491C-9CA8-E40C2F8D3979}"
EndProject
Project("{8BC9CEB8-8B4A-11D0-8D11-00A0C91BC942}") = "UnitTest1", "UnitTest1\UnitTest1.vcxproj", "{8539C1A3-7175-4BE6-A544-89EECEA4FEDE}"
EndProject
Global
	GlobalSection(SolutionConfigurationPlatforms) = preSolution
		Debug|x64 = Debug|x64
		Debug|x86 = Debug|x86
		Release|x64 = Release|x64
		Release|x86 = Release|x86
	EndGlobalSection
	GlobalSection(ProjectConfigurationPlatforms) = postSolution
		{A316A437-198D-491C-9CA8-E40C2F8D3979}.Debug|x64.ActiveCfg = Debug|x64
		{A316A437-198D-491C-9CA8-E40C2F8D3979}.Debug|x64.Build.0 = Debug|x64
		{A316A437-198D-491C-9CA8-E40C2F8D3979}.Debug|x86.ActiveCfg = Debug|Win32
		{A316A437-198D-491C-9CA8-E40C2F8D3979}.Debug|x86.Build.0 = Debug|Win32
		{A316A437-198D-491C-9CA8-E40C2F8D3979}.Release|x64.ActiveCfg = Release|x64
		{A316A437-198D-491C-9CA8-E40C2F8D3979}.Release|x64.Build.0 = Release|x64
		{A316A437-198D-491C-9CA8-E40C2F8D3979}.Release|x86.ActiveCfg = Release|Win32
		{A316A437-198D-491C-9CA8-E40C2F8D3979}.Release|x86.Build.0 = Release|Win32
		{8539C1A3-7175-4BE6-A544-89EECEA4FEDE}.Debug|x64.ActiveCfg = Debug|x64
		{8539C1A3-7175-4BE6-A544-89EECEA4FEDE}.Debug|x64.Build.0 = Debug|x64
		{8539C1A3-7175-4BE6-A544-89EECEA4FEDE}.Debug|x86.ActiveCfg = Debug|Win32
		{8539C1A3-7175-4BE6-A544-89EECEA4FEDE}.Debug|x86.Build.0 = Debug|Win32
		{8539C1A3-7175-4BE6-A544-89EECEA4FEDE}.Release|x64.ActiveCfg = Release|x64
		{8539C1A3-7175-4BE6-A544-89EECEA4FEDE}.Release|x64.Build.0 = Release|x64
		{8539C1A3-7175-4BE6-A544-89EECEA4FEDE}.Release|x86.ActiveCfg = Release|Win32
		{8539C1A3-7175-4BE6-A544-89EECEA4FEDE}.Release|x86.Build.0 = Release|Win32
	EndGlobalSection
	GlobalSection(SolutionProperties) = preSolution
		HideSolutionNode = FALSE
	EndGlobalSection
	GlobalSection(ExtensibilityGlobals) = postSolution
		SolutionGuid = {48B2F3A0-B71C-4D60-9459-954281181AE0}
	EndGlobalSection
EndGlobal
